// !$*UTF8*$!
{
	archiveVersion = 1;
	classes = {
	};
	objectVersion = 46;
	objects = {

/* Begin PBXBuildFile section */
		C4CF62B81D2FFB4F00AAA125 /* main.cpp in Sources */ = {isa = PBXBuildFile; fileRef = C4CF62B71D2FFB4F00AAA125 /* main.cpp */; };
/* End PBXBuildFile section */

/* Begin PBXCopyFilesBuildPhase section */
		C4CF62B21D2FFB4F00AAA125 /* CopyFiles */ = {
			isa = PBXCopyFilesBuildPhase;
			buildActionMask = 2147483647;
			dstPath = /usr/share/man/man1/;
			dstSubfolderSpec = 0;
			files = (
			);
			runOnlyForDeploymentPostprocessing = 1;
		};
/* End PBXCopyFilesBuildPhase section */

/* Begin PBXFileReference section */
		C4CF62B41D2FFB4F00AAA125 /* 20140715	quanti thread sono coinvolti... (Fibonacci) */ = {isa = PBXFileReference; explicitFileType = "compiled.mach-o.executable"; includeInIndex = 0; path = "20140715\tquanti thread sono coinvolti... (Fibonacci)"; sourceTree = BUILT_PRODUCTS_DIR; };
		C4CF62B71D2FFB4F00AAA125 /* main.cpp */ = {isa = PBXFileReference; lastKnownFileType = sourcecode.cpp.cpp; path = main.cpp; sourceTree = "<group>"; };
/* End PBXFileReference section */

/* Begin PBXFrameworksBuildPhase section */
		C4CF62B11D2FFB4F00AAA125 /* Frameworks */ = {
			isa = PBXFrameworksBuildPhase;
			buildActionMask = 2147483647;
			files = (
			);
			runOnlyForDeploymentPostprocessing = 0;
		};
/* End PBXFrameworksBuildPhase section */

/* Begin PBXGroup section */
		C4CF62AB1D2FFB4F00AAA125 = {
			isa = PBXGroup;
			children = (
				C4CF62B61D2FFB4F00AAA125 /* 20140715	quanti thread sono coinvolti... (Fibonacci) */,
				C4CF62B51D2FFB4F00AAA125 /* Products */,
			);
			sourceTree = "<group>";
		};
		C4CF62B51D2FFB4F00AAA125 /* Products */ = {
			isa = PBXGroup;
			children = (
				C4CF62B41D2FFB4F00AAA125 /* 20140715	quanti thread sono coinvolti... (Fibonacci) */,
			);
			name = Products;
			sourceTree = "<group>";
		};
		C4CF62B61D2FFB4F00AAA125 /* 20140715	quanti thread sono coinvolti... (Fibonacci) */ = {
			isa = PBXGroup;
			children = (
				C4CF62B71D2FFB4F00AAA125 /* main.cpp */,
			);
			path = "20140715\tquanti thread sono coinvolti... (Fibonacci)";
			sourceTree = "<group>";
		};
/* End PBXGroup section */

/* Begin PBXNativeTarget section */
		C4CF62B31D2FFB4F00AAA125 /* 20140715	quanti thread sono coinvolti... (Fibonacci) */ = {
			isa = PBXNativeTarget;
			buildConfigurationList = C4CF62BB1D2FFB4F00AAA125 /* Build configuration list for PBXNativeTarget "20140715	quanti thread sono coinvolti... (Fibonacci)" */;
			buildPhases = (
				C4CF62B01D2FFB4F00AAA125 /* Sources */,
				C4CF62B11D2FFB4F00AAA125 /* Frameworks */,
				C4CF62B21D2FFB4F00AAA125 /* CopyFiles */,
			);
			buildRules = (
			);
			dependencies = (
			);
			name = "20140715\tquanti thread sono coinvolti... (Fibonacci)";
			productName = "20140715\tquanti thread sono coinvolti... (Fibonacci)";
			productReference = C4CF62B41D2FFB4F00AAA125 /* 20140715	quanti thread sono coinvolti... (Fibonacci) */;
			productType = "com.apple.product-type.tool";
		};
/* End PBXNativeTarget section */

/* Begin PBXProject section */
		C4CF62AC1D2FFB4F00AAA125 /* Project object */ = {
			isa = PBXProject;
			attributes = {
				LastUpgradeCheck = 0730;
				ORGANIZATIONNAME = Chopper;
				TargetAttributes = {
					C4CF62B31D2FFB4F00AAA125 = {
						CreatedOnToolsVersion = 7.3;
					};
				};
			};
			buildConfigurationList = C4CF62AF1D2FFB4F00AAA125 /* Build configuration list for PBXProject "20140715	quanti thread sono coinvolti... (Fibonacci)" */;
			compatibilityVersion = "Xcode 3.2";
			developmentRegion = English;
			hasScannedForEncodings = 0;
			knownRegions = (
				en,
			);
			mainGroup = C4CF62AB1D2FFB4F00AAA125;
			productRefGroup = C4CF62B51D2FFB4F00AAA125 /* Products */;
			projectDirPath = "";
			projectRoot = "";
			targets = (
				C4CF62B31D2FFB4F00AAA125 /* 20140715	quanti thread sono coinvolti... (Fibonacci) */,
			);
		};
/* End PBXProject section */

/* Begin PBXSourcesBuildPhase section */
		C4CF62B01D2FFB4F00AAA125 /* Sources */ = {
			isa = PBXSourcesBuildPhase;
			buildActionMask = 2147483647;
			files = (
				C4CF62B81D2FFB4F00AAA125 /* main.cpp in Sources */,
			);
			runOnlyForDeploymentPostprocessing = 0;
		};
/* End PBXSourcesBuildPhase section */

/* Begin XCBuildConfiguration section */
		C4CF62B91D2FFB4F00AAA125 /* Debug */ = {
			isa = XCBuildConfiguration;
			buildSettings = {
				ALWAYS_SEARCH_USER_PATHS = NO;
				CLANG_ANALYZER_NONNULL = YES;
				CLANG_CXX_LANGUAGE_STANDARD = "gnu++0x";
				CLANG_CXX_LIBRARY = "libc++";
				CLANG_ENABLE_MODULES = YES;
				CLANG_ENABLE_OBJC_ARC = YES;
				CLANG_WARN_BOOL_CONVERSION = YES;
				CLANG_WARN_CONSTANT_CONVERSION = YES;
				CLANG_WARN_DIRECT_OBJC_ISA_USAGE = YES_ERROR;
				CLANG_WARN_EMPTY_BODY = YES;
				CLANG_WARN_ENUM_CONVERSION = YES;
				CLANG_WARN_INT_CONVERSION = YES;
				CLANG_WARN_OBJC_ROOT_CLASS = YES_ERROR;
				CLANG_WARN_UNREACHABLE_CODE = YES;
				CLANG_WARN__DUPLICATE_METHOD_MATCH = YES;
				CODE_SIGN_IDENTITY = "-";
				COPY_PHASE_STRIP = NO;
				DEBUG_INFORMATION_FORMAT = dwarf;
				ENABLE_STRICT_OBJC_MSGSEND = YES;
				ENABLE_TESTABILITY = YES;
				GCC_C_LANGUAGE_STANDARD = gnu99;
				GCC_DYNAMIC_NO_PIC = NO;
				GCC_NO_COMMON_BLOCKS = YES;
				GCC_OPTIMIZATION_LEVEL = 0;
				GCC_PREPROCESSOR_DEFINITIONS = (
					"DEBUG=1",
					"$(inherited)",
				);
				GCC_WARN_64_TO_32_BIT_CONVERSION = YES;
				GCC_WARN_ABOUT_RETURN_TYPE = YES_ERROR;
				GCC_WARN_UNDECLARED_SELECTOR = YES;
				GCC_WARN_UNINITIALIZED_AUTOS = YES_AGGRESSIVE;
				GCC_WARN_UNUSED_FUNCTION = YES;
				GCC_WARN_UNUSED_VARIABLE = YES;
				MACOSX_DEPLOYMENT_TARGET = 10.11;
				MTL_ENABLE_DEBUG_INFO = YES;
				ONLY_ACTIVE_ARCH = YES;
				SDKROOT = macosx;
			};
			name = Debug;
		};
		C4CF62BA1D2FFB4F00AAA125 /* Release */ = {
			isa = XCBuildConfiguration;
			buildSettings = {
				ALWAYS_SEARCH_USER_PATHS = NO;
				CLANG_ANALYZER_NONNULL = YES;
				CLANG_CXX_LANGUAGE_STANDARD = "gnu++0x";
				CLANG_CXX_LIBRARY = "libc++";
				CLANG_ENABLE_MODULES = YES;
				CLANG_ENABLE_OBJC_ARC = YES;
				CLANG_WARN_BOOL_CONVERSION = YES;
				CLANG_WARN_CONSTANT_CONVERSION = YES;
				CLANG_WARN_DIRECT_OBJC_ISA_USAGE = YES_ERROR;
				CLANG_WARN_EMPTY_BODY = YES;
				CLANG_WARN_ENUM_CONVERSION = YES;
				CLANG_WARN_INT_CONVERSION = YES;
				CLANG_WARN_OBJC_ROOT_CLASS = YES_ERROR;
				CLANG_WARN_UNREACHABLE_CODE = YES;
				CLANG_WARN__DUPLICATE_METHOD_MATCH = YES;
				CODE_SIGN_IDENTITY = "-";
				COPY_PHASE_STRIP = NO;
				DEBUG_INFORMATION_FORMAT = "dwarf-with-dsym";
				ENABLE_NS_ASSERTIONS = NO;
				ENABLE_STRICT_OBJC_MSGSEND = YES;
				GCC_C_LANGUAGE_STANDARD = gnu99;
				GCC_NO_COMMON_BLOCKS = YES;
				GCC_WARN_64_TO_32_BIT_CONVERSION = YES;
				GCC_WARN_ABOUT_RETURN_TYPE = YES_ERROR;
				GCC_WARN_UNDECLARED_SELECTOR = YES;
				GCC_WARN_UNINITIALIZED_AUTOS = YES_AGGRESSIVE;
				GCC_WARN_UNUSED_FUNCTION = YES;
				GCC_WARN_UNUSED_VARIABLE = YES;
				MACOSX_DEPLOYMENT_TARGET = 10.11;
				MTL_ENABLE_DEBUG_INFO = NO;
				SDKROOT = macosx;
			};
			name = Release;
		};
		C4CF62BC1D2FFB4F00AAA125 /* Debug */ = {
			isa = XCBuildConfiguration;
			buildSettings = {
				PRODUCT_NAME = "$(TARGET_NAME)";
			};
			name = Debug;
		};
		C4CF62BD1D2FFB4F00AAA125 /* Release */ = {
			isa = XCBuildConfiguration;
			buildSettings = {
				PRODUCT_NAME = "$(TARGET_NAME)";
			};
			name = Release;
		};
/* End XCBuildConfiguration section */

/* Begin XCConfigurationList section */
		C4CF62AF1D2FFB4F00AAA125 /* Build configuration list for PBXProject "20140715	quanti thread sono coinvolti... (Fibonacci)" */ = {
			isa = XCConfigurationList;
			buildConfigurations = (
				C4CF62B91D2FFB4F00AAA125 /* Debug */,
				C4CF62BA1D2FFB4F00AAA125 /* Release */,
			);
			defaultConfigurationIsVisible = 0;
			defaultConfigurationName = Release;
		};
		C4CF62BB1D2FFB4F00AAA125 /* Build configuration list for PBXNativeTarget "20140715	quanti thread sono coinvolti... (Fibonacci)" */ = {
			isa = XCConfigurationList;
			buildConfigurations = (
				C4CF62BC1D2FFB4F00AAA125 /* Debug */,
				C4CF62BD1D2FFB4F00AAA125 /* Release */,
			);
			defaultConfigurationIsVisible = 0;
		};
/* End XCConfigurationList section */
	};
	rootObject = C4CF62AC1D2FFB4F00AAA125 /* Project object */;
}
